{
  "name": "zhuoying",
  "version": "1.0.0",
  "lockfileVersion": 1,
  "requires": true,
  "dependencies": {
    "@vant/weapp": {
      "version": "1.3.3",
      "resolved": "https://registry.npmjs.org/@vant/weapp/-/weapp-1.3.3.tgz",
      "integrity": "sha512-XZFRsam3QSnkbBRqdcldi1+VZtAtHbj92S7AF9dG/YpEN0FFEm+vDb881+xXkHFfzLPx509TriKWU6ktlNZSmw=="
    },
    "apifm-wxapi": {
      "version": "2.2.0",
      "resolved": "https://registry.npmjs.org/apifm-wxapi/-/apifm-wxapi-2.2.0.tgz",
      "integrity": "sha512-uOiyBjqk7v5ZIGMhGNy9HaJh32Ag9AredhhK+809J0uYFxvx4IYXheT97UtA9XB9CQNjp3AMxIjzk0Xd86Wsiw=="
    },
    "vant-weapp": {
      "version": "0.5.23",
      "resolved": "https://registry.npmjs.org/vant-weapp/-/vant-weapp-0.5.23.tgz",
      "integrity": "sha512-kI0uYbF5rp85u+puNtXUMqnDbefUvAhJ+sC0Tfx8H95fmUM+MpvEaNxR6JdTYv1JMOL++D3HkpNDxSr4ClrNFg=="
    }
  }
}
